
Microsoft Visual Studio Solution File, Format Version 12.00
# Visual Studio Version 16
VisualStudioVersion = 16.0.31702.278
MinimumVisualStudioVersion = 10.0.40219.1
Project("{FAE04EC0-301F-11D3-BF4B-00C04F79EFBC}") = "task123", "task123\task123.csproj", "{C34247A4-56C8-496B-ABB9-ACD15B76256E}"
EndProject
Global
	GlobalSection(SolutionConfigurationPlatforms) = preSolution
		Debug|Any CPU = Debug|Any CPU
		Release|Any CPU = Release|Any CPU
	EndGlobalSection
	GlobalSection(ProjectConfigurationPlatforms) = postSolution
		{C34247A4-56C8-496B-ABB9-ACD15B76256E}.Debug|Any CPU.ActiveCfg = Debug|Any CPU
		{C34247A4-56C8-496B-ABB9-ACD15B76256E}.Debug|Any CPU.Build.0 = Debug|Any CPU
		{C34247A4-56C8-496B-ABB9-ACD15B76256E}.Release|Any CPU.ActiveCfg = Release|Any CPU
		{C34247A4-56C8-496B-ABB9-ACD15B76256E}.Release|Any CPU.Build.0 = Release|Any CPU
	EndGlobalSection
	GlobalSection(SolutionProperties) = preSolution
		HideSolutionNode = FALSE
	EndGlobalSection
	GlobalSection(ExtensibilityGlobals) = postSolution
		SolutionGuid = {EB7CD793-C9F6-4E72-870D-B90D3FB893C3}
	EndGlobalSection
EndGlobal
